
Microsoft Visual Studio Solution File, Format Version 12.00
# Visual Studio Version 17
VisualStudioVersion = 17.0.31903.59
MinimumVisualStudioVersion = 10.0.40219.1
Project("{2150E333-8FDC-42A3-9474-1A3956D46DE8}") = "src", "src", "{47192566-E9D8-4537-9875-3014C95BC628}"
EndProject
Project("{FAE04EC0-301F-11D3-BF4B-00C04F79EFBC}") = "Tgvs", "src\Tgvs\Tgvs.csproj", "{E20B2C0A-0819-43A1-B284-11E96BFAEE93}"
EndProject
Global
	GlobalSection(SolutionConfigurationPlatforms) = preSolution
		Debug|Any CPU = Debug|Any CPU
		Release|Any CPU = Release|Any CPU
	EndGlobalSection
	GlobalSection(ProjectConfigurationPlatforms) = postSolution
		{E20B2C0A-0819-43A1-B284-11E96BFAEE93}.Debug|Any CPU.ActiveCfg = Debug|Any CPU
		{E20B2C0A-0819-43A1-B284-11E96BFAEE93}.Debug|Any CPU.Build.0 = Debug|Any CPU
		{E20B2C0A-0819-43A1-B284-11E96BFAEE93}.Release|Any CPU.ActiveCfg = Release|Any CPU
		{E20B2C0A-0819-43A1-B284-11E96BFAEE93}.Release|Any CPU.Build.0 = Release|Any CPU
	EndGlobalSection
	GlobalSection(SolutionProperties) = preSolution
		HideSolutionNode = FALSE
	EndGlobalSection
	GlobalSection(NestedProjects) = preSolution
		{E20B2C0A-0819-43A1-B284-11E96BFAEE93} = {47192566-E9D8-4537-9875-3014C95BC628}
	EndGlobalSection
EndGlobal
